
Microsoft Visual Studio Solution File, Format Version 12.00
# Visual Studio Version 17
VisualStudioVersion = 17.6.33829.357
MinimumVisualStudioVersion = 10.0.40219.1
Project("{FAE04EC0-301F-11D3-BF4B-00C04F79EFBC}") = "CoffeePicker.Server", "Server\CoffeePicker.Server.csproj", "{CBE11CB0-6260-44B2-973B-D92A4BFA4C15}"
EndProject
Project("{FAE04EC0-301F-11D3-BF4B-00C04F79EFBC}") = "CoffeePicker.Client", "Client\CoffeePicker.Client.csproj", "{3FC91850-43B1-4C37-9C34-5E6A6672B27E}"
EndProject
Project("{FAE04EC0-301F-11D3-BF4B-00C04F79EFBC}") = "CoffeePicker.Shared", "Shared\CoffeePicker.Shared.csproj", "{999BB98D-2456-45F0-873B-A0A374E22A4B}"
EndProject
Global
	GlobalSection(SolutionConfigurationPlatforms) = preSolution
		Debug|Any CPU = Debug|Any CPU
		Release|Any CPU = Release|Any CPU
	EndGlobalSection
	GlobalSection(ProjectConfigurationPlatforms) = postSolution
		{CBE11CB0-6260-44B2-973B-D92A4BFA4C15}.Debug|Any CPU.ActiveCfg = Debug|Any CPU
		{CBE11CB0-6260-44B2-973B-D92A4BFA4C15}.Debug|Any CPU.Build.0 = Debug|Any CPU
		{CBE11CB0-6260-44B2-973B-D92A4BFA4C15}.Release|Any CPU.ActiveCfg = Release|Any CPU
		{CBE11CB0-6260-44B2-973B-D92A4BFA4C15}.Release|Any CPU.Build.0 = Release|Any CPU
		{3FC91850-43B1-4C37-9C34-5E6A6672B27E}.Debug|Any CPU.ActiveCfg = Debug|Any CPU
		{3FC91850-43B1-4C37-9C34-5E6A6672B27E}.Debug|Any CPU.Build.0 = Debug|Any CPU
		{3FC91850-43B1-4C37-9C34-5E6A6672B27E}.Release|Any CPU.ActiveCfg = Release|Any CPU
		{3FC91850-43B1-4C37-9C34-5E6A6672B27E}.Release|Any CPU.Build.0 = Release|Any CPU
		{999BB98D-2456-45F0-873B-A0A374E22A4B}.Debug|Any CPU.ActiveCfg = Debug|Any CPU
		{999BB98D-2456-45F0-873B-A0A374E22A4B}.Debug|Any CPU.Build.0 = Debug|Any CPU
		{999BB98D-2456-45F0-873B-A0A374E22A4B}.Release|Any CPU.ActiveCfg = Release|Any CPU
		{999BB98D-2456-45F0-873B-A0A374E22A4B}.Release|Any CPU.Build.0 = Release|Any CPU
	EndGlobalSection
	GlobalSection(SolutionProperties) = preSolution
		HideSolutionNode = FALSE
	EndGlobalSection
	GlobalSection(ExtensibilityGlobals) = postSolution
		SolutionGuid = {5FDDA89B-C926-43F6-BDDB-74D73EFD4A0A}
	EndGlobalSection
EndGlobal
